{
  "lockfileVersion": 1,
  "workspaces": {
    "": {
      "name": "bun-react-template",
      "dependencies": {
        "@fullcalendar/core": "^6.1.19",
        "@fullcalendar/react": "^6.1.19",
        "@fullcalendar/timegrid": "^6.1.19",
        "distinct-colors": "^3.0.0",
        "react": "^19",
        "react-dom": "^19",
        "usehooks-ts": "^3.1.1",
      },
      "devDependencies": {
        "@types/bun": "latest",
        "@types/react": "^19",
        "@types/react-dom": "^19",
      },
    },
  },
  "packages": {
    "@fullcalendar/core": ["@fullcalendar/core@6.1.19", "", { "dependencies": { "preact": "~10.12.1" } }, "sha512-z0aVlO5e4Wah6p6mouM0UEqtRf1MZZPt4mwzEyU6kusaNL+dlWQgAasF2cK23hwT4cmxkEmr4inULXgpyeExdQ=="],

    "@fullcalendar/daygrid": ["@fullcalendar/daygrid@6.1.19", "", { "peerDependencies": { "@fullcalendar/core": "~6.1.19" } }, "sha512-IAAfnMICnVWPjpT4zi87i3FEw0xxSza0avqY/HedKEz+l5MTBYvCDPOWDATpzXoLut3aACsjktIyw9thvIcRYQ=="],

    "@fullcalendar/react": ["@fullcalendar/react@6.1.19", "", { "peerDependencies": { "@fullcalendar/core": "~6.1.19", "react": "^16.7.0 || ^17 || ^18 || ^19", "react-dom": "^16.7.0 || ^17 || ^18 || ^19" } }, "sha512-FP78vnyylaL/btZeHig8LQgfHgfwxLaIG6sKbNkzkPkKEACv11UyyBoTSkaavPsHtXvAkcTED1l7TOunAyPEnA=="],

    "@fullcalendar/timegrid": ["@fullcalendar/timegrid@6.1.19", "", { "dependencies": { "@fullcalendar/daygrid": "~6.1.19" }, "peerDependencies": { "@fullcalendar/core": "~6.1.19" } }, "sha512-OuzpUueyO9wB5OZ8rs7TWIoqvu4v3yEqdDxZ2VcsMldCpYJRiOe7yHWKr4ap5Tb0fs7Rjbserc/b6Nt7ol6BRg=="],

    "@types/bun": ["@types/bun@1.2.21", "", { "dependencies": { "bun-types": "1.2.21" } }, "sha512-NiDnvEqmbfQ6dmZ3EeUO577s4P5bf4HCTXtI6trMc6f6RzirY5IrF3aIookuSpyslFzrnvv2lmEWv5HyC1X79A=="],

    "@types/chroma-js": ["@types/chroma-js@2.4.5", "", {}, "sha512-6ISjhzJViaPCy2q2e6PgK+8HcHQDQ0V2LDiKmYAh+jJlLqDa6HbwDh0wOevHY0kHHUx0iZwjSRbVD47WOUx5EQ=="],

    "@types/node": ["@types/node@24.3.0", "", { "dependencies": { "undici-types": "~7.10.0" } }, "sha512-aPTXCrfwnDLj4VvXrm+UUCQjNEvJgNA8s5F1cvwQU+3KNltTOkBm1j30uNLyqqPNe7gE3KFzImYoZEfLhp4Yow=="],

    "@types/react": ["@types/react@19.1.11", "", { "dependencies": { "csstype": "^3.0.2" } }, "sha512-lr3jdBw/BGj49Eps7EvqlUaoeA0xpj3pc0RoJkHpYaCHkVK7i28dKyImLQb3JVlqs3aYSXf7qYuWOW/fgZnTXQ=="],

    "@types/react-dom": ["@types/react-dom@19.1.8", "", { "peerDependencies": { "@types/react": "^19.0.0" } }, "sha512-xG7xaBMJCpcK0RpN8jDbAACQo54ycO6h4dSSmgv8+fu6ZIAdANkx/WsawASUjVXYfy+J9AbUpRMNNEsXCDfDBQ=="],

    "bun-types": ["bun-types@1.2.21", "", { "dependencies": { "@types/node": "*" }, "peerDependencies": { "@types/react": "^19" } }, "sha512-sa2Tj77Ijc/NTLS0/Odjq/qngmEPZfbfnOERi0KRUYhT9R8M4VBioWVmMWE5GrYbKMc+5lVybXygLdibHaqVqw=="],

    "chroma-js": ["chroma-js@2.6.0", "", {}, "sha512-BLHvCB9s8Z1EV4ethr6xnkl/P2YRFOGqfgvuMG/MyCbZPrTA+NeiByY6XvgF0zP4/2deU2CXnWyMa3zu1LqQ3A=="],

    "csstype": ["csstype@3.1.3", "", {}, "sha512-M1uQkMl8rQK/szD0LNhtqxIPLpimGm8sOBwU7lLnCpSbTyY3yeU1Vc7l4KT5zT4s/yOxHH5O7tIuuLOCnLADRw=="],

    "distinct-colors": ["distinct-colors@3.0.0", "", { "dependencies": { "@types/chroma-js": "^2.0.0", "chroma-js": "^2.1.0", "mout": "^1.2.2" } }, "sha512-ID2CzFkvsdhkm4IVpUYxCcUpB6GspIvVW8dLSWFjIwJzV5kNOoayegfgDyyzcWkOWWMAFc1cyEhdtFH868AfYQ=="],

    "lodash.debounce": ["lodash.debounce@4.0.8", "", {}, "sha512-FT1yDzDYEoYWhnSGnpE/4Kj1fLZkDFyqRb7fNt6FdYOSxlUWAtp42Eh6Wb0rGIv/m9Bgo7x4GhQbm5Ys4SG5ow=="],

    "mout": ["mout@1.2.4", "", {}, "sha512-mZb9uOruMWgn/fw28DG4/yE3Kehfk1zKCLhuDU2O3vlKdnBBr4XaOCqVTflJ5aODavGUPqFHZgrFX3NJVuxGhQ=="],

    "preact": ["preact@10.12.1", "", {}, "sha512-l8386ixSsBdbreOAkqtrwqHwdvR35ID8c3rKPa8lCWuO86dBi32QWHV4vfsZK1utLLFMvw+Z5Ad4XLkZzchscg=="],

    "react": ["react@19.1.1", "", {}, "sha512-w8nqGImo45dmMIfljjMwOGtbmC/mk4CMYhWIicdSflH91J9TyCyczcPFXJzrZ/ZXcgGRFeP6BU0BEJTw6tZdfQ=="],

    "react-dom": ["react-dom@19.1.1", "", { "dependencies": { "scheduler": "^0.26.0" }, "peerDependencies": { "react": "^19.1.1" } }, "sha512-Dlq/5LAZgF0Gaz6yiqZCf6VCcZs1ghAJyrsu84Q/GT0gV+mCxbfmKNoGRKBYMJ8IEdGPqu49YWXD02GCknEDkw=="],

    "scheduler": ["scheduler@0.26.0", "", {}, "sha512-NlHwttCI/l5gCPR3D1nNXtWABUmBwvZpEQiD4IXSbIDq8BzLIK/7Ir5gTFSGZDUu37K5cMNp0hFtzO38sC7gWA=="],

    "undici-types": ["undici-types@7.10.0", "", {}, "sha512-t5Fy/nfn+14LuOc2KNYg75vZqClpAiqscVvMygNnlsHBFpSXdJaYtXMcdNLpl/Qvc3P2cB3s6lOV51nqsFq4ag=="],

    "usehooks-ts": ["usehooks-ts@3.1.1", "", { "dependencies": { "lodash.debounce": "^4.0.8" }, "peerDependencies": { "react": "^16.8.0  || ^17 || ^18 || ^19 || ^19.0.0-rc" } }, "sha512-I4diPp9Cq6ieSUH2wu+fDAVQO43xwtulo+fKEidHUwZPnYImbtkTjzIJYcDcJqxgmX31GVqNFURodvcgHcW0pA=="],
  }
}
